
Microsoft Visual Studio Solution File, Format Version 12.00
# Visual Studio Version 17
VisualStudioVersion = 17.1.32319.34
MinimumVisualStudioVersion = 10.0.40219.1
Project("{FAE04EC0-301F-11D3-BF4B-00C04F79EFBC}") = "KursovikZoopark", "KursovikZoopark\KursovikZoopark.csproj", "{CA0FC643-6464-41F5-98D6-B9539D60655B}"
EndProject
Global
	GlobalSection(SolutionConfigurationPlatforms) = preSolution
		Debug|Any CPU = Debug|Any CPU
		Release|Any CPU = Release|Any CPU
	EndGlobalSection
	GlobalSection(ProjectConfigurationPlatforms) = postSolution
		{CA0FC643-6464-41F5-98D6-B9539D60655B}.Debug|Any CPU.ActiveCfg = Debug|Any CPU
		{CA0FC643-6464-41F5-98D6-B9539D60655B}.Debug|Any CPU.Build.0 = Debug|Any CPU
		{CA0FC643-6464-41F5-98D6-B9539D60655B}.Release|Any CPU.ActiveCfg = Release|Any CPU
		{CA0FC643-6464-41F5-98D6-B9539D60655B}.Release|Any CPU.Build.0 = Release|Any CPU
	EndGlobalSection
	GlobalSection(SolutionProperties) = preSolution
		HideSolutionNode = FALSE
	EndGlobalSection
	GlobalSection(ExtensibilityGlobals) = postSolution
		SolutionGuid = {AF2E35E4-D69F-4C95-A293-F8646B2ABC8F}
	EndGlobalSection
EndGlobal
